
Microsoft Visual Studio Solution File, Format Version 12.00
# Visual Studio Version 17
VisualStudioVersion = 17.13.35828.75
MinimumVisualStudioVersion = 10.0.40219.1
Project("{2150E333-8FDC-42A3-9474-1A3956D46DE8}") = "src", "src", "{827E0CD3-B72D-47B6-A68D-7590B98EB39B}"
EndProject
Project("{FAE04EC0-301F-11D3-BF4B-00C04F79EFBC}") = "CommandService", "src\CommandService\CommandService.csproj", "{D7E755AD-CFE9-40B2-8616-A1ED425DE958}"
EndProject
Project("{FAE04EC0-301F-11D3-BF4B-00C04F79EFBC}") = "QueryService", "src\QueryService\QueryService.csproj", "{7E7CD59A-D73E-4AF4-BA12-B1D7FB237315}"
EndProject
Global
	GlobalSection(SolutionConfigurationPlatforms) = preSolution
		Debug|Any CPU = Debug|Any CPU
		Debug|x64 = Debug|x64
		Debug|x86 = Debug|x86
		Release|Any CPU = Release|Any CPU
		Release|x64 = Release|x64
		Release|x86 = Release|x86
	EndGlobalSection
	GlobalSection(ProjectConfigurationPlatforms) = postSolution
		{D7E755AD-CFE9-40B2-8616-A1ED425DE958}.Debug|Any CPU.ActiveCfg = Debug|Any CPU
		{D7E755AD-CFE9-40B2-8616-A1ED425DE958}.Debug|Any CPU.Build.0 = Debug|Any CPU
		{D7E755AD-CFE9-40B2-8616-A1ED425DE958}.Debug|x64.ActiveCfg = Debug|Any CPU
		{D7E755AD-CFE9-40B2-8616-A1ED425DE958}.Debug|x64.Build.0 = Debug|Any CPU
		{D7E755AD-CFE9-40B2-8616-A1ED425DE958}.Debug|x86.ActiveCfg = Debug|Any CPU
		{D7E755AD-CFE9-40B2-8616-A1ED425DE958}.Debug|x86.Build.0 = Debug|Any CPU
		{D7E755AD-CFE9-40B2-8616-A1ED425DE958}.Release|Any CPU.ActiveCfg = Release|Any CPU
		{D7E755AD-CFE9-40B2-8616-A1ED425DE958}.Release|Any CPU.Build.0 = Release|Any CPU
		{D7E755AD-CFE9-40B2-8616-A1ED425DE958}.Release|x64.ActiveCfg = Release|Any CPU
		{D7E755AD-CFE9-40B2-8616-A1ED425DE958}.Release|x64.Build.0 = Release|Any CPU
		{D7E755AD-CFE9-40B2-8616-A1ED425DE958}.Release|x86.ActiveCfg = Release|Any CPU
		{D7E755AD-CFE9-40B2-8616-A1ED425DE958}.Release|x86.Build.0 = Release|Any CPU
		{7E7CD59A-D73E-4AF4-BA12-B1D7FB237315}.Debug|Any CPU.ActiveCfg = Debug|Any CPU
		{7E7CD59A-D73E-4AF4-BA12-B1D7FB237315}.Debug|Any CPU.Build.0 = Debug|Any CPU
		{7E7CD59A-D73E-4AF4-BA12-B1D7FB237315}.Debug|x64.ActiveCfg = Debug|Any CPU
		{7E7CD59A-D73E-4AF4-BA12-B1D7FB237315}.Debug|x64.Build.0 = Debug|Any CPU
		{7E7CD59A-D73E-4AF4-BA12-B1D7FB237315}.Debug|x86.ActiveCfg = Debug|Any CPU
		{7E7CD59A-D73E-4AF4-BA12-B1D7FB237315}.Debug|x86.Build.0 = Debug|Any CPU
		{7E7CD59A-D73E-4AF4-BA12-B1D7FB237315}.Release|Any CPU.ActiveCfg = Release|Any CPU
		{7E7CD59A-D73E-4AF4-BA12-B1D7FB237315}.Release|Any CPU.Build.0 = Release|Any CPU
		{7E7CD59A-D73E-4AF4-BA12-B1D7FB237315}.Release|x64.ActiveCfg = Release|Any CPU
		{7E7CD59A-D73E-4AF4-BA12-B1D7FB237315}.Release|x64.Build.0 = Release|Any CPU
		{7E7CD59A-D73E-4AF4-BA12-B1D7FB237315}.Release|x86.ActiveCfg = Release|Any CPU
		{7E7CD59A-D73E-4AF4-BA12-B1D7FB237315}.Release|x86.Build.0 = Release|Any CPU
	EndGlobalSection
	GlobalSection(SolutionProperties) = preSolution
		HideSolutionNode = FALSE
	EndGlobalSection
	GlobalSection(NestedProjects) = preSolution
		{D7E755AD-CFE9-40B2-8616-A1ED425DE958} = {827E0CD3-B72D-47B6-A68D-7590B98EB39B}
		{7E7CD59A-D73E-4AF4-BA12-B1D7FB237315} = {827E0CD3-B72D-47B6-A68D-7590B98EB39B}
	EndGlobalSection
	GlobalSection(ExtensibilityGlobals) = postSolution
		SolutionGuid = {03F3606D-A913-4698-928C-0216ED415D41}
	EndGlobalSection
EndGlobal
